
Microsoft Visual Studio Solution File, Format Version 12.00
# Visual Studio 15
VisualStudioVersion = 15.0.25928.0
MinimumVisualStudioVersion = 10.0.40219.1
Project("{2150E333-8FDC-42A3-9474-1A3956D46DE8}") = "Core", "Core", "{3DD6D8DF-CC3D-4221-BA9A-6DFCEEAFA93E}"
EndProject
Project("{2150E333-8FDC-42A3-9474-1A3956D46DE8}") = "Adapters", "Adapters", "{156DE9E8-A2D4-4FA0-937B-DD5278022D4E}"
EndProject
Project("{2150E333-8FDC-42A3-9474-1A3956D46DE8}") = "Tests", "Tests", "{599020B3-F708-4211-A643-5D8566753FD1}"
EndProject
Project("{9A19103F-16F7-4668-BE54-9A1E7A4F7556}") = "RoboBank.Account.Application", "RoboBank.Account.Application\RoboBank.Account.Application.csproj", "{6065B376-2058-4C8F-90B7-93014A669998}"
EndProject
Project("{9A19103F-16F7-4668-BE54-9A1E7A4F7556}") = "RoboBank.Account.Domain", "RoboBank.Account.Domain\RoboBank.Account.Domain.csproj", "{188322B4-1B63-4E10-9997-45778111547C}"
EndProject
Project("{FAE04EC0-301F-11D3-BF4B-00C04F79EFBC}") = "RoboBank.Account.Domain.Tests", "RoboBank.Account.Domain.Tests\RoboBank.Account.Domain.Tests.csproj", "{4DEB12A2-23BB-4111-A86C-4E981A91DCC8}"
EndProject
Project("{FAE04EC0-301F-11D3-BF4B-00C04F79EFBC}") = "RoboBank.Account.Application.Adapters", "RoboBank.Account.Application.Adapters\RoboBank.Account.Application.Adapters.csproj", "{4CCCA60E-017F-4EB8-9300-7E8253A471B7}"
EndProject
Project("{FAE04EC0-301F-11D3-BF4B-00C04F79EFBC}") = "RoboBank.Account.Domain.Adapters", "RoboBank.Account.Domain.Adapters\RoboBank.Account.Domain.Adapters.csproj", "{008C9BED-5E7B-4630-B0F8-55D932C30312}"
EndProject
Project("{FAE04EC0-301F-11D3-BF4B-00C04F79EFBC}") = "RoboBank.Account.Service", "RoboBank.Account.Service\RoboBank.Account.Service.csproj", "{02161F97-4730-46FE-BBDC-AB1F1A4DA2E5}"
EndProject
Project("{CC5FD16D-436D-48AD-A40C-5A424C6E3E79}") = "RoboBank.Account.Deploy", "RoboBank.Account.Deploy\RoboBank.Account.Deploy.ccproj", "{B22F4903-EAE3-4D89-BE4B-8ACF7C59F44D}"
EndProject
Project("{FAE04EC0-301F-11D3-BF4B-00C04F79EFBC}") = "RoboBank.Account.Service.IntegrationTests", "RoboBank.Account.Service.IntegrationTests\RoboBank.Account.Service.IntegrationTests.csproj", "{BD155F7A-AA0A-40E6-9AEE-5B320A9A5D59}"
EndProject
Global
	GlobalSection(SolutionConfigurationPlatforms) = preSolution
		Debug|Any CPU = Debug|Any CPU
		Debug|x64 = Debug|x64
		Debug|x86 = Debug|x86
		Release|Any CPU = Release|Any CPU
		Release|x64 = Release|x64
		Release|x86 = Release|x86
	EndGlobalSection
	GlobalSection(ProjectConfigurationPlatforms) = postSolution
		{6065B376-2058-4C8F-90B7-93014A669998}.Debug|Any CPU.ActiveCfg = Debug|Any CPU
		{6065B376-2058-4C8F-90B7-93014A669998}.Debug|Any CPU.Build.0 = Debug|Any CPU
		{6065B376-2058-4C8F-90B7-93014A669998}.Debug|x64.ActiveCfg = Debug|Any CPU
		{6065B376-2058-4C8F-90B7-93014A669998}.Debug|x64.Build.0 = Debug|Any CPU
		{6065B376-2058-4C8F-90B7-93014A669998}.Debug|x86.ActiveCfg = Debug|Any CPU
		{6065B376-2058-4C8F-90B7-93014A669998}.Debug|x86.Build.0 = Debug|Any CPU
		{6065B376-2058-4C8F-90B7-93014A669998}.Release|Any CPU.ActiveCfg = Release|Any CPU
		{6065B376-2058-4C8F-90B7-93014A669998}.Release|Any CPU.Build.0 = Release|Any CPU
		{6065B376-2058-4C8F-90B7-93014A669998}.Release|x64.ActiveCfg = Release|Any CPU
		{6065B376-2058-4C8F-90B7-93014A669998}.Release|x64.Build.0 = Release|Any CPU
		{6065B376-2058-4C8F-90B7-93014A669998}.Release|x86.ActiveCfg = Release|Any CPU
		{6065B376-2058-4C8F-90B7-93014A669998}.Release|x86.Build.0 = Release|Any CPU
		{188322B4-1B63-4E10-9997-45778111547C}.Debug|Any CPU.ActiveCfg = Debug|Any CPU
		{188322B4-1B63-4E10-9997-45778111547C}.Debug|Any CPU.Build.0 = Debug|Any CPU
		{188322B4-1B63-4E10-9997-45778111547C}.Debug|x64.ActiveCfg = Debug|Any CPU
		{188322B4-1B63-4E10-9997-45778111547C}.Debug|x64.Build.0 = Debug|Any CPU
		{188322B4-1B63-4E10-9997-45778111547C}.Debug|x86.ActiveCfg = Debug|Any CPU
		{188322B4-1B63-4E10-9997-45778111547C}.Debug|x86.Build.0 = Debug|Any CPU
		{188322B4-1B63-4E10-9997-45778111547C}.Release|Any CPU.ActiveCfg = Release|Any CPU
		{188322B4-1B63-4E10-9997-45778111547C}.Release|Any CPU.Build.0 = Release|Any CPU
		{188322B4-1B63-4E10-9997-45778111547C}.Release|x64.ActiveCfg = Release|Any CPU
		{188322B4-1B63-4E10-9997-45778111547C}.Release|x64.Build.0 = Release|Any CPU
		{188322B4-1B63-4E10-9997-45778111547C}.Release|x86.ActiveCfg = Release|Any CPU
		{188322B4-1B63-4E10-9997-45778111547C}.Release|x86.Build.0 = Release|Any CPU
		{4DEB12A2-23BB-4111-A86C-4E981A91DCC8}.Debug|Any CPU.ActiveCfg = Debug|Any CPU
		{4DEB12A2-23BB-4111-A86C-4E981A91DCC8}.Debug|Any CPU.Build.0 = Debug|Any CPU
		{4DEB12A2-23BB-4111-A86C-4E981A91DCC8}.Debug|x64.ActiveCfg = Debug|Any CPU
		{4DEB12A2-23BB-4111-A86C-4E981A91DCC8}.Debug|x64.Build.0 = Debug|Any CPU
		{4DEB12A2-23BB-4111-A86C-4E981A91DCC8}.Debug|x86.ActiveCfg = Debug|Any CPU
		{4DEB12A2-23BB-4111-A86C-4E981A91DCC8}.Debug|x86.Build.0 = Debug|Any CPU
		{4DEB12A2-23BB-4111-A86C-4E981A91DCC8}.Release|Any CPU.ActiveCfg = Release|Any CPU
		{4DEB12A2-23BB-4111-A86C-4E981A91DCC8}.Release|Any CPU.Build.0 = Release|Any CPU
		{4DEB12A2-23BB-4111-A86C-4E981A91DCC8}.Release|x64.ActiveCfg = Release|Any CPU
		{4DEB12A2-23BB-4111-A86C-4E981A91DCC8}.Release|x64.Build.0 = Release|Any CPU
		{4DEB12A2-23BB-4111-A86C-4E981A91DCC8}.Release|x86.ActiveCfg = Release|Any CPU
		{4DEB12A2-23BB-4111-A86C-4E981A91DCC8}.Release|x86.Build.0 = Release|Any CPU
		{4CCCA60E-017F-4EB8-9300-7E8253A471B7}.Debug|Any CPU.ActiveCfg = Debug|Any CPU
		{4CCCA60E-017F-4EB8-9300-7E8253A471B7}.Debug|Any CPU.Build.0 = Debug|Any CPU
		{4CCCA60E-017F-4EB8-9300-7E8253A471B7}.Debug|x64.ActiveCfg = Debug|Any CPU
		{4CCCA60E-017F-4EB8-9300-7E8253A471B7}.Debug|x64.Build.0 = Debug|Any CPU
		{4CCCA60E-017F-4EB8-9300-7E8253A471B7}.Debug|x86.ActiveCfg = Debug|Any CPU
		{4CCCA60E-017F-4EB8-9300-7E8253A471B7}.Debug|x86.Build.0 = Debug|Any CPU
		{4CCCA60E-017F-4EB8-9300-7E8253A471B7}.Release|Any CPU.ActiveCfg = Release|Any CPU
		{4CCCA60E-017F-4EB8-9300-7E8253A471B7}.Release|Any CPU.Build.0 = Release|Any CPU
		{4CCCA60E-017F-4EB8-9300-7E8253A471B7}.Release|x64.ActiveCfg = Release|Any CPU
		{4CCCA60E-017F-4EB8-9300-7E8253A471B7}.Release|x64.Build.0 = Release|Any CPU
		{4CCCA60E-017F-4EB8-9300-7E8253A471B7}.Release|x86.ActiveCfg = Release|Any CPU
		{4CCCA60E-017F-4EB8-9300-7E8253A471B7}.Release|x86.Build.0 = Release|Any CPU
		{008C9BED-5E7B-4630-B0F8-55D932C30312}.Debug|Any CPU.ActiveCfg = Debug|Any CPU
		{008C9BED-5E7B-4630-B0F8-55D932C30312}.Debug|Any CPU.Build.0 = Debug|Any CPU
		{008C9BED-5E7B-4630-B0F8-55D932C30312}.Debug|x64.ActiveCfg = Debug|Any CPU
		{008C9BED-5E7B-4630-B0F8-55D932C30312}.Debug|x64.Build.0 = Debug|Any CPU
		{008C9BED-5E7B-4630-B0F8-55D932C30312}.Debug|x86.ActiveCfg = Debug|Any CPU
		{008C9BED-5E7B-4630-B0F8-55D932C30312}.Debug|x86.Build.0 = Debug|Any CPU
		{008C9BED-5E7B-4630-B0F8-55D932C30312}.Release|Any CPU.ActiveCfg = Release|Any CPU
		{008C9BED-5E7B-4630-B0F8-55D932C30312}.Release|Any CPU.Build.0 = Release|Any CPU
		{008C9BED-5E7B-4630-B0F8-55D932C30312}.Release|x64.ActiveCfg = Release|Any CPU
		{008C9BED-5E7B-4630-B0F8-55D932C30312}.Release|x64.Build.0 = Release|Any CPU
		{008C9BED-5E7B-4630-B0F8-55D932C30312}.Release|x86.ActiveCfg = Release|Any CPU
		{008C9BED-5E7B-4630-B0F8-55D932C30312}.Release|x86.Build.0 = Release|Any CPU
		{02161F97-4730-46FE-BBDC-AB1F1A4DA2E5}.Debug|Any CPU.ActiveCfg = Debug|Any CPU
		{02161F97-4730-46FE-BBDC-AB1F1A4DA2E5}.Debug|Any CPU.Build.0 = Debug|Any CPU
		{02161F97-4730-46FE-BBDC-AB1F1A4DA2E5}.Debug|x64.ActiveCfg = Debug|Any CPU
		{02161F97-4730-46FE-BBDC-AB1F1A4DA2E5}.Debug|x64.Build.0 = Debug|Any CPU
		{02161F97-4730-46FE-BBDC-AB1F1A4DA2E5}.Debug|x86.ActiveCfg = Debug|Any CPU
		{02161F97-4730-46FE-BBDC-AB1F1A4DA2E5}.Debug|x86.Build.0 = Debug|Any CPU
		{02161F97-4730-46FE-BBDC-AB1F1A4DA2E5}.Release|Any CPU.ActiveCfg = Release|Any CPU
		{02161F97-4730-46FE-BBDC-AB1F1A4DA2E5}.Release|Any CPU.Build.0 = Release|Any CPU
		{02161F97-4730-46FE-BBDC-AB1F1A4DA2E5}.Release|x64.ActiveCfg = Release|Any CPU
		{02161F97-4730-46FE-BBDC-AB1F1A4DA2E5}.Release|x64.Build.0 = Release|Any CPU
		{02161F97-4730-46FE-BBDC-AB1F1A4DA2E5}.Release|x86.ActiveCfg = Release|Any CPU
		{02161F97-4730-46FE-BBDC-AB1F1A4DA2E5}.Release|x86.Build.0 = Release|Any CPU
		{B22F4903-EAE3-4D89-BE4B-8ACF7C59F44D}.Debug|Any CPU.ActiveCfg = Debug|Any CPU
		{B22F4903-EAE3-4D89-BE4B-8ACF7C59F44D}.Debug|Any CPU.Build.0 = Debug|Any CPU
		{B22F4903-EAE3-4D89-BE4B-8ACF7C59F44D}.Debug|x64.ActiveCfg = Debug|Any CPU
		{B22F4903-EAE3-4D89-BE4B-8ACF7C59F44D}.Debug|x64.Build.0 = Debug|Any CPU
		{B22F4903-EAE3-4D89-BE4B-8ACF7C59F44D}.Debug|x86.ActiveCfg = Debug|Any CPU
		{B22F4903-EAE3-4D89-BE4B-8ACF7C59F44D}.Debug|x86.Build.0 = Debug|Any CPU
		{B22F4903-EAE3-4D89-BE4B-8ACF7C59F44D}.Release|Any CPU.ActiveCfg = Release|Any CPU
		{B22F4903-EAE3-4D89-BE4B-8ACF7C59F44D}.Release|Any CPU.Build.0 = Release|Any CPU
		{B22F4903-EAE3-4D89-BE4B-8ACF7C59F44D}.Release|x64.ActiveCfg = Release|Any CPU
		{B22F4903-EAE3-4D89-BE4B-8ACF7C59F44D}.Release|x64.Build.0 = Release|Any CPU
		{B22F4903-EAE3-4D89-BE4B-8ACF7C59F44D}.Release|x86.ActiveCfg = Release|Any CPU
		{B22F4903-EAE3-4D89-BE4B-8ACF7C59F44D}.Release|x86.Build.0 = Release|Any CPU
		{BD155F7A-AA0A-40E6-9AEE-5B320A9A5D59}.Debug|Any CPU.ActiveCfg = Debug|Any CPU
		{BD155F7A-AA0A-40E6-9AEE-5B320A9A5D59}.Debug|Any CPU.Build.0 = Debug|Any CPU
		{BD155F7A-AA0A-40E6-9AEE-5B320A9A5D59}.Debug|x64.ActiveCfg = Debug|Any CPU
		{BD155F7A-AA0A-40E6-9AEE-5B320A9A5D59}.Debug|x64.Build.0 = Debug|Any CPU
		{BD155F7A-AA0A-40E6-9AEE-5B320A9A5D59}.Debug|x86.ActiveCfg = Debug|Any CPU
		{BD155F7A-AA0A-40E6-9AEE-5B320A9A5D59}.Debug|x86.Build.0 = Debug|Any CPU
		{BD155F7A-AA0A-40E6-9AEE-5B320A9A5D59}.Release|Any CPU.ActiveCfg = Release|Any CPU
		{BD155F7A-AA0A-40E6-9AEE-5B320A9A5D59}.Release|Any CPU.Build.0 = Release|Any CPU
		{BD155F7A-AA0A-40E6-9AEE-5B320A9A5D59}.Release|x64.ActiveCfg = Release|Any CPU
		{BD155F7A-AA0A-40E6-9AEE-5B320A9A5D59}.Release|x64.Build.0 = Release|Any CPU
		{BD155F7A-AA0A-40E6-9AEE-5B320A9A5D59}.Release|x86.ActiveCfg = Release|Any CPU
		{BD155F7A-AA0A-40E6-9AEE-5B320A9A5D59}.Release|x86.Build.0 = Release|Any CPU
	EndGlobalSection
	GlobalSection(SolutionProperties) = preSolution
		HideSolutionNode = FALSE
	EndGlobalSection
	GlobalSection(NestedProjects) = preSolution
		{6065B376-2058-4C8F-90B7-93014A669998} = {3DD6D8DF-CC3D-4221-BA9A-6DFCEEAFA93E}
		{188322B4-1B63-4E10-9997-45778111547C} = {3DD6D8DF-CC3D-4221-BA9A-6DFCEEAFA93E}
		{4DEB12A2-23BB-4111-A86C-4E981A91DCC8} = {3DD6D8DF-CC3D-4221-BA9A-6DFCEEAFA93E}
		{4CCCA60E-017F-4EB8-9300-7E8253A471B7} = {156DE9E8-A2D4-4FA0-937B-DD5278022D4E}
		{008C9BED-5E7B-4630-B0F8-55D932C30312} = {156DE9E8-A2D4-4FA0-937B-DD5278022D4E}
		{02161F97-4730-46FE-BBDC-AB1F1A4DA2E5} = {156DE9E8-A2D4-4FA0-937B-DD5278022D4E}
		{B22F4903-EAE3-4D89-BE4B-8ACF7C59F44D} = {156DE9E8-A2D4-4FA0-937B-DD5278022D4E}
		{BD155F7A-AA0A-40E6-9AEE-5B320A9A5D59} = {599020B3-F708-4211-A643-5D8566753FD1}
	EndGlobalSection
	GlobalSection(ExtensibilityGlobals) = postSolution
		SolutionGuid = {78CCF99D-52DD-45EF-886E-7F84A67C636A}
	EndGlobalSection
EndGlobal
