
Microsoft Visual Studio Solution File, Format Version 12.00
# Visual Studio 14
VisualStudioVersion = 14.0.24720.0
MinimumVisualStudioVersion = 10.0.40219.1
Project("{FAE04EC0-301F-11D3-BF4B-00C04F79EFBC}") = "RoboBank.Account.Domain.Adapters", "RoboBank.Account.Domain.Adapters\RoboBank.Account.Domain.Adapters.csproj", "{008C9BED-5E7B-4630-B0F8-55D932C30312}"
EndProject
Project("{2150E333-8FDC-42A3-9474-1A3956D46DE8}") = "Core", "Core", "{EBE525BF-E792-4A87-8554-7CB3F26B9763}"
EndProject
Project("{2150E333-8FDC-42A3-9474-1A3956D46DE8}") = "Adapters", "Adapters", "{32FD0F35-9AC7-4A18-85E9-774F5A961465}"
EndProject
Project("{2150E333-8FDC-42A3-9474-1A3956D46DE8}") = "Tests", "Tests", "{7B2B7786-EDCA-45B1-89DF-9D6096DAD70F}"
EndProject
Project("{FAE04EC0-301F-11D3-BF4B-00C04F79EFBC}") = "RoboBank.Account.Application.Adapters", "RoboBank.Account.Application.Adapters\RoboBank.Account.Application.Adapters.csproj", "{4CCCA60E-017F-4EB8-9300-7E8253A471B7}"
EndProject
Project("{FAE04EC0-301F-11D3-BF4B-00C04F79EFBC}") = "RoboBank.Account.Application", "RoboBank.Account.Application\RoboBank.Account.Application.csproj", "{903A137E-5A4A-4012-8FCE-049F11D6FE1E}"
EndProject
Project("{FAE04EC0-301F-11D3-BF4B-00C04F79EFBC}") = "RoboBank.Account.Domain", "RoboBank.Account.Domain\RoboBank.Account.Domain.csproj", "{A0675051-288A-49ED-9A10-1C3CECDA6EE1}"
EndProject
Project("{FAE04EC0-301F-11D3-BF4B-00C04F79EFBC}") = "RoboBank.Account.Domain.Tests", "RoboBank.Account.Domain.Tests\RoboBank.Account.Domain.Tests.csproj", "{4DEB12A2-23BB-4111-A86C-4E981A91DCC8}"
EndProject
Project("{CC5FD16D-436D-48AD-A40C-5A424C6E3E79}") = "RoboBank.Account.Deploy", "RoboBank.Account.Deploy\RoboBank.Account.Deploy.ccproj", "{B22F4903-EAE3-4D89-BE4B-8ACF7C59F44D}"
EndProject
Project("{FAE04EC0-301F-11D3-BF4B-00C04F79EFBC}") = "RoboBank.Account.Service", "RoboBank.Account.Service\RoboBank.Account.Service.csproj", "{02161F97-4730-46FE-BBDC-AB1F1A4DA2E5}"
EndProject
Project("{FAE04EC0-301F-11D3-BF4B-00C04F79EFBC}") = "RoboBank.Account.Service.IntegrationTests", "RoboBank.Account.Service.IntegrationTests\RoboBank.Account.Service.IntegrationTests.csproj", "{BD155F7A-AA0A-40E6-9AEE-5B320A9A5D59}"
EndProject
Global
	GlobalSection(SolutionConfigurationPlatforms) = preSolution
		Debug|Any CPU = Debug|Any CPU
		Release|Any CPU = Release|Any CPU
	EndGlobalSection
	GlobalSection(ProjectConfigurationPlatforms) = postSolution
		{008C9BED-5E7B-4630-B0F8-55D932C30312}.Debug|Any CPU.ActiveCfg = Debug|Any CPU
		{008C9BED-5E7B-4630-B0F8-55D932C30312}.Debug|Any CPU.Build.0 = Debug|Any CPU
		{008C9BED-5E7B-4630-B0F8-55D932C30312}.Release|Any CPU.ActiveCfg = Release|Any CPU
		{008C9BED-5E7B-4630-B0F8-55D932C30312}.Release|Any CPU.Build.0 = Release|Any CPU
		{4CCCA60E-017F-4EB8-9300-7E8253A471B7}.Debug|Any CPU.ActiveCfg = Debug|Any CPU
		{4CCCA60E-017F-4EB8-9300-7E8253A471B7}.Debug|Any CPU.Build.0 = Debug|Any CPU
		{4CCCA60E-017F-4EB8-9300-7E8253A471B7}.Release|Any CPU.ActiveCfg = Release|Any CPU
		{4CCCA60E-017F-4EB8-9300-7E8253A471B7}.Release|Any CPU.Build.0 = Release|Any CPU
		{903A137E-5A4A-4012-8FCE-049F11D6FE1E}.Debug|Any CPU.ActiveCfg = Debug|Any CPU
		{903A137E-5A4A-4012-8FCE-049F11D6FE1E}.Debug|Any CPU.Build.0 = Debug|Any CPU
		{903A137E-5A4A-4012-8FCE-049F11D6FE1E}.Release|Any CPU.ActiveCfg = Release|Any CPU
		{903A137E-5A4A-4012-8FCE-049F11D6FE1E}.Release|Any CPU.Build.0 = Release|Any CPU
		{A0675051-288A-49ED-9A10-1C3CECDA6EE1}.Debug|Any CPU.ActiveCfg = Debug|Any CPU
		{A0675051-288A-49ED-9A10-1C3CECDA6EE1}.Debug|Any CPU.Build.0 = Debug|Any CPU
		{A0675051-288A-49ED-9A10-1C3CECDA6EE1}.Release|Any CPU.ActiveCfg = Release|Any CPU
		{A0675051-288A-49ED-9A10-1C3CECDA6EE1}.Release|Any CPU.Build.0 = Release|Any CPU
		{4DEB12A2-23BB-4111-A86C-4E981A91DCC8}.Debug|Any CPU.ActiveCfg = Debug|Any CPU
		{4DEB12A2-23BB-4111-A86C-4E981A91DCC8}.Debug|Any CPU.Build.0 = Debug|Any CPU
		{4DEB12A2-23BB-4111-A86C-4E981A91DCC8}.Release|Any CPU.ActiveCfg = Release|Any CPU
		{4DEB12A2-23BB-4111-A86C-4E981A91DCC8}.Release|Any CPU.Build.0 = Release|Any CPU
		{B22F4903-EAE3-4D89-BE4B-8ACF7C59F44D}.Debug|Any CPU.ActiveCfg = Debug|Any CPU
		{B22F4903-EAE3-4D89-BE4B-8ACF7C59F44D}.Debug|Any CPU.Build.0 = Debug|Any CPU
		{B22F4903-EAE3-4D89-BE4B-8ACF7C59F44D}.Release|Any CPU.ActiveCfg = Release|Any CPU
		{B22F4903-EAE3-4D89-BE4B-8ACF7C59F44D}.Release|Any CPU.Build.0 = Release|Any CPU
		{02161F97-4730-46FE-BBDC-AB1F1A4DA2E5}.Debug|Any CPU.ActiveCfg = Debug|Any CPU
		{02161F97-4730-46FE-BBDC-AB1F1A4DA2E5}.Debug|Any CPU.Build.0 = Debug|Any CPU
		{02161F97-4730-46FE-BBDC-AB1F1A4DA2E5}.Release|Any CPU.ActiveCfg = Release|Any CPU
		{02161F97-4730-46FE-BBDC-AB1F1A4DA2E5}.Release|Any CPU.Build.0 = Release|Any CPU
		{BD155F7A-AA0A-40E6-9AEE-5B320A9A5D59}.Debug|Any CPU.ActiveCfg = Debug|Any CPU
		{BD155F7A-AA0A-40E6-9AEE-5B320A9A5D59}.Debug|Any CPU.Build.0 = Debug|Any CPU
		{BD155F7A-AA0A-40E6-9AEE-5B320A9A5D59}.Release|Any CPU.ActiveCfg = Release|Any CPU
		{BD155F7A-AA0A-40E6-9AEE-5B320A9A5D59}.Release|Any CPU.Build.0 = Release|Any CPU
	EndGlobalSection
	GlobalSection(SolutionProperties) = preSolution
		HideSolutionNode = FALSE
	EndGlobalSection
	GlobalSection(NestedProjects) = preSolution
		{008C9BED-5E7B-4630-B0F8-55D932C30312} = {32FD0F35-9AC7-4A18-85E9-774F5A961465}
		{4CCCA60E-017F-4EB8-9300-7E8253A471B7} = {32FD0F35-9AC7-4A18-85E9-774F5A961465}
		{903A137E-5A4A-4012-8FCE-049F11D6FE1E} = {EBE525BF-E792-4A87-8554-7CB3F26B9763}
		{A0675051-288A-49ED-9A10-1C3CECDA6EE1} = {EBE525BF-E792-4A87-8554-7CB3F26B9763}
		{4DEB12A2-23BB-4111-A86C-4E981A91DCC8} = {EBE525BF-E792-4A87-8554-7CB3F26B9763}
		{B22F4903-EAE3-4D89-BE4B-8ACF7C59F44D} = {32FD0F35-9AC7-4A18-85E9-774F5A961465}
		{02161F97-4730-46FE-BBDC-AB1F1A4DA2E5} = {32FD0F35-9AC7-4A18-85E9-774F5A961465}
		{BD155F7A-AA0A-40E6-9AEE-5B320A9A5D59} = {7B2B7786-EDCA-45B1-89DF-9D6096DAD70F}
	EndGlobalSection
EndGlobal
